
Microsoft Visual Studio Solution File, Format Version 12.00
# Visual Studio Version 17
VisualStudioVersion = 17.3.32922.545
MinimumVisualStudioVersion = 10.0.40219.1
Project("{FAE04EC0-301F-11D3-BF4B-00C04F79EFBC}") = "Lesson9Text", "Lesson9Text\Lesson9Text.csproj", "{0FD9F67D-131A-4D1F-B482-6109496D209B}"
EndProject
Global
	GlobalSection(SolutionConfigurationPlatforms) = preSolution
		Debug|Any CPU = Debug|Any CPU
		Release|Any CPU = Release|Any CPU
	EndGlobalSection
	GlobalSection(ProjectConfigurationPlatforms) = postSolution
		{0FD9F67D-131A-4D1F-B482-6109496D209B}.Debug|Any CPU.ActiveCfg = Debug|Any CPU
		{0FD9F67D-131A-4D1F-B482-6109496D209B}.Debug|Any CPU.Build.0 = Debug|Any CPU
		{0FD9F67D-131A-4D1F-B482-6109496D209B}.Release|Any CPU.ActiveCfg = Release|Any CPU
		{0FD9F67D-131A-4D1F-B482-6109496D209B}.Release|Any CPU.Build.0 = Release|Any CPU
	EndGlobalSection
	GlobalSection(SolutionProperties) = preSolution
		HideSolutionNode = FALSE
	EndGlobalSection
	GlobalSection(ExtensibilityGlobals) = postSolution
		SolutionGuid = {D257A5CD-9A1C-40D6-949A-818D81DF5E51}
	EndGlobalSection
EndGlobal
